
Microsoft Visual Studio Solution File, Format Version 12.00
# Visual Studio Version 17
VisualStudioVersion = 17.9.34622.214
MinimumVisualStudioVersion = 10.0.40219.1
Project("{FAE04EC0-301F-11D3-BF4B-00C04F79EFBC}") = "Finals_SIbuma", "Finals_SIbuma\Finals_SIbuma.csproj", "{0E2FC736-EF66-403F-98BE-F9E5E661AB29}"
EndProject
Global
	GlobalSection(SolutionConfigurationPlatforms) = preSolution
		Debug|Any CPU = Debug|Any CPU
		Release|Any CPU = Release|Any CPU
	EndGlobalSection
	GlobalSection(ProjectConfigurationPlatforms) = postSolution
		{0E2FC736-EF66-403F-98BE-F9E5E661AB29}.Debug|Any CPU.ActiveCfg = Debug|Any CPU
		{0E2FC736-EF66-403F-98BE-F9E5E661AB29}.Debug|Any CPU.Build.0 = Debug|Any CPU
		{0E2FC736-EF66-403F-98BE-F9E5E661AB29}.Release|Any CPU.ActiveCfg = Release|Any CPU
		{0E2FC736-EF66-403F-98BE-F9E5E661AB29}.Release|Any CPU.Build.0 = Release|Any CPU
	EndGlobalSection
	GlobalSection(SolutionProperties) = preSolution
		HideSolutionNode = FALSE
	EndGlobalSection
	GlobalSection(ExtensibilityGlobals) = postSolution
		SolutionGuid = {95CA6A46-D641-4157-9B6A-87099053BEE3}
	EndGlobalSection
EndGlobal
